
Microsoft Visual Studio Solution File, Format Version 12.00
# Visual Studio Version 16
VisualStudioVersion = 16.0.31501.217
MinimumVisualStudioVersion = 10.0.40219.1
Project("{FAE04EC0-301F-11D3-BF4B-00C04F79EFBC}") = "NAZIR_API_JWT", "NAZIR_API_JWT.csproj", "{BD4C1818-571A-474B-9008-64A8FE659B95}"
EndProject
Global
	GlobalSection(SolutionConfigurationPlatforms) = preSolution
		Debug|Any CPU = Debug|Any CPU
		Release|Any CPU = Release|Any CPU
	EndGlobalSection
	GlobalSection(ProjectConfigurationPlatforms) = postSolution
		{BD4C1818-571A-474B-9008-64A8FE659B95}.Debug|Any CPU.ActiveCfg = Debug|Any CPU
		{BD4C1818-571A-474B-9008-64A8FE659B95}.Debug|Any CPU.Build.0 = Debug|Any CPU
		{BD4C1818-571A-474B-9008-64A8FE659B95}.Release|Any CPU.ActiveCfg = Release|Any CPU
		{BD4C1818-571A-474B-9008-64A8FE659B95}.Release|Any CPU.Build.0 = Release|Any CPU
	EndGlobalSection
	GlobalSection(SolutionProperties) = preSolution
		HideSolutionNode = FALSE
	EndGlobalSection
	GlobalSection(ExtensibilityGlobals) = postSolution
		SolutionGuid = {DD9C7AAE-3547-42B0-B504-894D28F11494}
	EndGlobalSection
EndGlobal
